<?xml version="1.0" encoding="UTF-8" standalone="yes" ?>
<CodeBlocks_project_file>
	<FileVersion major="1" minor="6" />
	<Project>
		<Option title="deloccaparcialUno" />
		<Option pch_mode="2" />
		<Option compiler="gcc" />
		<Build>
			<Target title="Debug">
				<Option output="bin/Debug/deloccaparcialUno" prefix_auto="1" extension_auto="1" />
				<Option object_output="obj/Debug/" />
				<Option type="1" />
				<Option compiler="gcc" />
				<Compiler>
					<Add option="-g" />
				</Compiler>
			</Target>
			<Target title="Release">
				<Option output="bin/Release/deloccaparcialUno" prefix_auto="1" extension_auto="1" />
				<Option object_output="obj/Release/" />
				<Option type="1" />
				<Option compiler="gcc" />
				<Compiler>
					<Add option="-O2" />
				</Compiler>
				<Linker>
					<Add option="-s" />
				</Linker>
			</Target>
		</Build>
		<Compiler>
			<Add option="-Wall" />
		</Compiler>
		<Unit filename="Bicicletas.c">
			<Option compilerVar="CC" />
		</Unit>
		<Unit filename="Bicicletas.h" />
		<Unit filename="Clientes.c">
			<Option compilerVar="CC" />
		</Unit>
		<Unit filename="Clientes.h" />
		<Unit filename="Colores.c">
			<Option compilerVar="CC" />
		</Unit>
		<Unit filename="Colores.h" />
		<Unit filename="Informes.c">
			<Option compilerVar="CC" />
		</Unit>
		<Unit filename="Informes.h" />
		<Unit filename="Ruedas.c">
			<Option compilerVar="CC" />
		</Unit>
		<Unit filename="Ruedas.h" />
		<Unit filename="Servicios.C">
			<Option compilerVar="CC" />
		</Unit>
		<Unit filename="Servicios.h" />
		<Unit filename="Servicioss.c">
			<Option compilerVar="CC" />
		</Unit>
		<Unit filename="Servicioss.h" />
		<Unit filename="Tipos.c">
			<Option compilerVar="CC" />
		</Unit>
		<Unit filename="Tipos.h" />
		<Unit filename="Trabajos.c">
			<Option compilerVar="CC" />
		</Unit>
		<Unit filename="Trabajos.h" />
		<Unit filename="main.c">
			<Option compilerVar="CC" />
		</Unit>
		<Extensions>
			<lib_finder disable_auto="1" />
		</Extensions>
	</Project>
</CodeBlocks_project_file>
